// !$*UTF8*$!
{
	archiveVersion = 1;
	classes = {
	};
	objectVersion = 46;
	objects = {

/* Begin PBXBuildFile section */
		7825756B1B13D859006F8DCB /* AppDelegate.swift in Sources */ = {isa = PBXBuildFile; fileRef = 7825756A1B13D859006F8DCB /* AppDelegate.swift */; };
		7825756D1B13D859006F8DCB /* ViewController.swift in Sources */ = {isa = PBXBuildFile; fileRef = 7825756C1B13D859006F8DCB /* ViewController.swift */; };
		782575701B13D859006F8DCB /* Main.storyboard in Resources */ = {isa = PBXBuildFile; fileRef = 7825756E1B13D859006F8DCB /* Main.storyboard */; };
		782575721B13D859006F8DCB /* Images.xcassets in Resources */ = {isa = PBXBuildFile; fileRef = 782575711B13D859006F8DCB /* Images.xcassets */; };
		782575751B13D859006F8DCB /* LaunchScreen.xib in Resources */ = {isa = PBXBuildFile; fileRef = 782575731B13D859006F8DCB /* LaunchScreen.xib */; };
		78B60DAD1B13E99400AEDF62 /* TapLabel.framework in Frameworks */ = {isa = PBXBuildFile; fileRef = 78B60DAA1B13E99000AEDF62 /* TapLabel.framework */; };
		78B60DAE1B13E99400AEDF62 /* TapLabel.framework in Embed Frameworks */ = {isa = PBXBuildFile; fileRef = 78B60DAA1B13E99000AEDF62 /* TapLabel.framework */; settings = {ATTRIBUTES = (CodeSignOnCopy, RemoveHeadersOnCopy, ); }; };
/* End PBXBuildFile section */

/* Begin PBXContainerItemProxy section */
		78B60DA91B13E99000AEDF62 /* PBXContainerItemProxy */ = {
			isa = PBXContainerItemProxy;
			containerPortal = 78B60DA41B13E99000AEDF62 /* TapLabel.xcodeproj */;
			proxyType = 2;
			remoteGlobalIDString = 782575341B13D6E2006F8DCB;
			remoteInfo = TapLabel;
		};
		78B60DAB1B13E99000AEDF62 /* PBXContainerItemProxy */ = {
			isa = PBXContainerItemProxy;
			containerPortal = 78B60DA41B13E99000AEDF62 /* TapLabel.xcodeproj */;
			proxyType = 2;
			remoteGlobalIDString = 7825753F1B13D6E2006F8DCB;
			remoteInfo = TapLabelTests;
		};
		78B60DAF1B13E99400AEDF62 /* PBXContainerItemProxy */ = {
			isa = PBXContainerItemProxy;
			containerPortal = 78B60DA41B13E99000AEDF62 /* TapLabel.xcodeproj */;
			proxyType = 1;
			remoteGlobalIDString = 782575331B13D6E2006F8DCB;
			remoteInfo = TapLabel;
		};
/* End PBXContainerItemProxy section */

/* Begin PBXCopyFilesBuildPhase section */
		782576811B13E33C006F8DCB /* Embed Frameworks */ = {
			isa = PBXCopyFilesBuildPhase;
			buildActionMask = 2147483647;
			dstPath = "";
			dstSubfolderSpec = 10;
			files = (
				78B60DAE1B13E99400AEDF62 /* TapLabel.framework in Embed Frameworks */,
			);
			name = "Embed Frameworks";
			runOnlyForDeploymentPostprocessing = 0;
		};
/* End PBXCopyFilesBuildPhase section */

/* Begin PBXFileReference section */
		782575651B13D859006F8DCB /* Example.app */ = {isa = PBXFileReference; explicitFileType = wrapper.application; includeInIndex = 0; path = Example.app; sourceTree = BUILT_PRODUCTS_DIR; };
		782575691B13D859006F8DCB /* Info.plist */ = {isa = PBXFileReference; lastKnownFileType = text.plist.xml; path = Info.plist; sourceTree = "<group>"; };
		7825756A1B13D859006F8DCB /* AppDelegate.swift */ = {isa = PBXFileReference; lastKnownFileType = sourcecode.swift; path = AppDelegate.swift; sourceTree = "<group>"; };
		7825756C1B13D859006F8DCB /* ViewController.swift */ = {isa = PBXFileReference; lastKnownFileType = sourcecode.swift; path = ViewController.swift; sourceTree = "<group>"; };
		7825756F1B13D859006F8DCB /* Base */ = {isa = PBXFileReference; lastKnownFileType = file.storyboard; name = Base; path = Base.lproj/Main.storyboard; sourceTree = "<group>"; };
		782575711B13D859006F8DCB /* Images.xcassets */ = {isa = PBXFileReference; lastKnownFileType = folder.assetcatalog; path = Images.xcassets; sourceTree = "<group>"; };
		782575741B13D859006F8DCB /* Base */ = {isa = PBXFileReference; lastKnownFileType = file.xib; name = Base; path = Base.lproj/LaunchScreen.xib; sourceTree = "<group>"; };
		78B60DA41B13E99000AEDF62 /* TapLabel.xcodeproj */ = {isa = PBXFileReference; lastKnownFileType = "wrapper.pb-project"; path = TapLabel.xcodeproj; sourceTree = "<group>"; };
/* End PBXFileReference section */

/* Begin PBXFrameworksBuildPhase section */
		782575621B13D859006F8DCB /* Frameworks */ = {
			isa = PBXFrameworksBuildPhase;
			buildActionMask = 2147483647;
			files = (
				78B60DAD1B13E99400AEDF62 /* TapLabel.framework in Frameworks */,
			);
			runOnlyForDeploymentPostprocessing = 0;
		};
/* End PBXFrameworksBuildPhase section */

/* Begin PBXGroup section */
		7825755C1B13D859006F8DCB = {
			isa = PBXGroup;
			children = (
				78B60DA41B13E99000AEDF62 /* TapLabel.xcodeproj */,
				782575671B13D859006F8DCB /* Example */,
				782575661B13D859006F8DCB /* Products */,
			);
			sourceTree = "<group>";
		};
		782575661B13D859006F8DCB /* Products */ = {
			isa = PBXGroup;
			children = (
				782575651B13D859006F8DCB /* Example.app */,
			);
			name = Products;
			sourceTree = "<group>";
		};
		782575671B13D859006F8DCB /* Example */ = {
			isa = PBXGroup;
			children = (
				7825756A1B13D859006F8DCB /* AppDelegate.swift */,
				7825756C1B13D859006F8DCB /* ViewController.swift */,
				7825756E1B13D859006F8DCB /* Main.storyboard */,
				782575711B13D859006F8DCB /* Images.xcassets */,
				782575731B13D859006F8DCB /* LaunchScreen.xib */,
				782575691B13D859006F8DCB /* Info.plist */,
			);
			path = Example;
			sourceTree = "<group>";
		};
		78B60DA51B13E99000AEDF62 /* Products */ = {
			isa = PBXGroup;
			children = (
				78B60DAA1B13E99000AEDF62 /* TapLabel.framework */,
				78B60DAC1B13E99000AEDF62 /* TapLabelTests.xctest */,
			);
			name = Products;
			sourceTree = "<group>";
		};
/* End PBXGroup section */

/* Begin PBXNativeTarget section */
		782575641B13D859006F8DCB /* Example */ = {
			isa = PBXNativeTarget;
			buildConfigurationList = 782575841B13D859006F8DCB /* Build configuration list for PBXNativeTarget "Example" */;
			buildPhases = (
				782575611B13D859006F8DCB /* Sources */,
				782575621B13D859006F8DCB /* Frameworks */,
				782575631B13D859006F8DCB /* Resources */,
				782576811B13E33C006F8DCB /* Embed Frameworks */,
			);
			buildRules = (
			);
			dependencies = (
				78B60DB01B13E99400AEDF62 /* PBXTargetDependency */,
			);
			name = Example;
			productName = Example;
			productReference = 782575651B13D859006F8DCB /* Example.app */;
			productType = "com.apple.product-type.application";
		};
/* End PBXNativeTarget section */

/* Begin PBXProject section */
		7825755D1B13D859006F8DCB /* Project object */ = {
			isa = PBXProject;
			attributes = {
				LastSwiftUpdateCheck = 0710;
				LastUpgradeCheck = 0630;
				TargetAttributes = {
					782575641B13D859006F8DCB = {
						CreatedOnToolsVersion = 6.3.1;
					};
				};
			};
			buildConfigurationList = 782575601B13D859006F8DCB /* Build configuration list for PBXProject "Example" */;
			compatibilityVersion = "Xcode 3.2";
			developmentRegion = English;
			hasScannedForEncodings = 0;
			knownRegions = (
				en,
				Base,
			);
			mainGroup = 7825755C1B13D859006F8DCB;
			productRefGroup = 782575661B13D859006F8DCB /* Products */;
			projectDirPath = "";
			projectReferences = (
				{
					ProductGroup = 78B60DA51B13E99000AEDF62 /* Products */;
					ProjectRef = 78B60DA41B13E99000AEDF62 /* TapLabel.xcodeproj */;
				},
			);
			projectRoot = "";
			targets = (
				782575641B13D859006F8DCB /* Example */,
			);
		};
/* End PBXProject section */

/* Begin PBXReferenceProxy section */
		78B60DAA1B13E99000AEDF62 /* TapLabel.framework */ = {
			isa = PBXReferenceProxy;
			fileType = wrapper.framework;
			path = TapLabel.framework;
			remoteRef = 78B60DA91B13E99000AEDF62 /* PBXContainerItemProxy */;
			sourceTree = BUILT_PRODUCTS_DIR;
		};
		78B60DAC1B13E99000AEDF62 /* TapLabelTests.xctest */ = {
			isa = PBXReferenceProxy;
			fileType = wrapper.cfbundle;
			path = TapLabelTests.xctest;
			remoteRef = 78B60DAB1B13E99000AEDF62 /* PBXContainerItemProxy */;
			sourceTree = BUILT_PRODUCTS_DIR;
		};
/* End PBXReferenceProxy section */

/* Begin PBXResourcesBuildPhase section */
		782575631B13D859006F8DCB /* Resources */ = {
			isa = PBXResourcesBuildPhase;
			buildActionMask = 2147483647;
			files = (
				782575701B13D859006F8DCB /* Main.storyboard in Resources */,
				782575751B13D859006F8DCB /* LaunchScreen.xib in Resources */,
				782575721B13D859006F8DCB /* Images.xcassets in Resources */,
			);
			runOnlyForDeploymentPostprocessing = 0;
		};
/* End PBXResourcesBuildPhase section */

/* Begin PBXSourcesBuildPhase section */
		782575611B13D859006F8DCB /* Sources */ = {
			isa = PBXSourcesBuildPhase;
			buildActionMask = 2147483647;
			files = (
				7825756D1B13D859006F8DCB /* ViewController.swift in Sources */,
				7825756B1B13D859006F8DCB /* AppDelegate.swift in Sources */,
			);
			runOnlyForDeploymentPostprocessing = 0;
		};
/* End PBXSourcesBuildPhase section */

/* Begin PBXTargetDependency section */
		78B60DB01B13E99400AEDF62 /* PBXTargetDependency */ = {
			isa = PBXTargetDependency;
			name = TapLabel;
			targetProxy = 78B60DAF1B13E99400AEDF62 /* PBXContainerItemProxy */;
		};
/* End PBXTargetDependency section */

/* Begin PBXVariantGroup section */
		7825756E1B13D859006F8DCB /* Main.storyboard */ = {
			isa = PBXVariantGroup;
			children = (
				7825756F1B13D859006F8DCB /* Base */,
			);
			name = Main.storyboard;
			sourceTree = "<group>";
		};
		782575731B13D859006F8DCB /* LaunchScreen.xib */ = {
			isa = PBXVariantGroup;
			children = (
				782575741B13D859006F8DCB /* Base */,
			);
			name = LaunchScreen.xib;
			sourceTree = "<group>";
		};
/* End PBXVariantGroup section */

/* Begin XCBuildConfiguration section */
		782575821B13D859006F8DCB /* Debug */ = {
			isa = XCBuildConfiguration;
			buildSettings = {
				ALWAYS_SEARCH_USER_PATHS = NO;
				CLANG_CXX_LANGUAGE_STANDARD = "gnu++0x";
				CLANG_CXX_LIBRARY = "libc++";
				CLANG_ENABLE_MODULES = YES;
				CLANG_ENABLE_OBJC_ARC = YES;
				CLANG_WARN_BOOL_CONVERSION = YES;
				CLANG_WARN_CONSTANT_CONVERSION = YES;
				CLANG_WARN_DIRECT_OBJC_ISA_USAGE = YES_ERROR;
				CLANG_WARN_EMPTY_BODY = YES;
				CLANG_WARN_ENUM_CONVERSION = YES;
				CLANG_WARN_INT_CONVERSION = YES;
				CLANG_WARN_OBJC_ROOT_CLASS = YES_ERROR;
				CLANG_WARN_UNREACHABLE_CODE = YES;
				CLANG_WARN__DUPLICATE_METHOD_MATCH = YES;
				"CODE_SIGN_IDENTITY[sdk=iphoneos*]" = "iPhone Developer";
				COPY_PHASE_STRIP = NO;
				DEBUG_INFORMATION_FORMAT = "dwarf-with-dsym";
				ENABLE_STRICT_OBJC_MSGSEND = YES;
				GCC_C_LANGUAGE_STANDARD = gnu99;
				GCC_DYNAMIC_NO_PIC = NO;
				GCC_NO_COMMON_BLOCKS = YES;
				GCC_OPTIMIZATION_LEVEL = 0;
				GCC_PREPROCESSOR_DEFINITIONS = (
					"DEBUG=1",
					"$(inherited)",
				);
				GCC_SYMBOLS_PRIVATE_EXTERN = NO;
				GCC_WARN_64_TO_32_BIT_CONVERSION = YES;
				GCC_WARN_ABOUT_RETURN_TYPE = YES_ERROR;
				GCC_WARN_UNDECLARED_SELECTOR = YES;
				GCC_WARN_UNINITIALIZED_AUTOS = YES_AGGRESSIVE;
				GCC_WARN_UNUSED_FUNCTION = YES;
				GCC_WARN_UNUSED_VARIABLE = YES;
				IPHONEOS_DEPLOYMENT_TARGET = 8.3;
				MTL_ENABLE_DEBUG_INFO = YES;
				ONLY_ACTIVE_ARCH = YES;
				SDKROOT = iphoneos;
				SWIFT_OPTIMIZATION_LEVEL = "-Onone";
				TARGETED_DEVICE_FAMILY = "1,2";
			};
			name = Debug;
		};
		782575831B13D859006F8DCB /* Release */ = {
			isa = XCBuildConfiguration;
			buildSettings = {
				ALWAYS_SEARCH_USER_PATHS = NO;
				CLANG_CXX_LANGUAGE_STANDARD = "gnu++0x";
				CLANG_CXX_LIBRARY = "libc++";
				CLANG_ENABLE_MODULES = YES;
				CLANG_ENABLE_OBJC_ARC = YES;
				CLANG_WARN_BOOL_CONVERSION = YES;
				CLANG_WARN_CONSTANT_CONVERSION = YES;
				CLANG_WARN_DIRECT_OBJC_ISA_USAGE = YES_ERROR;
				CLANG_WARN_EMPTY_BODY = YES;
				CLANG_WARN_ENUM_CONVERSION = YES;
				CLANG_WARN_INT_CONVERSION = YES;
				CLANG_WARN_OBJC_ROOT_CLASS = YES_ERROR;
				CLANG_WARN_UNREACHABLE_CODE = YES;
				CLANG_WARN__DUPLICATE_METHOD_MATCH = YES;
				"CODE_SIGN_IDENTITY[sdk=iphoneos*]" = "iPhone Developer";
				COPY_PHASE_STRIP = NO;
				DEBUG_INFORMATION_FORMAT = "dwarf-with-dsym";
				ENABLE_NS_ASSERTIONS = NO;
				ENABLE_STRICT_OBJC_MSGSEND = YES;
				GCC_C_LANGUAGE_STANDARD = gnu99;
				GCC_NO_COMMON_BLOCKS = YES;
				GCC_WARN_64_TO_32_BIT_CONVERSION = YES;
				GCC_WARN_ABOUT_RETURN_TYPE = YES_ERROR;
				GCC_WARN_UNDECLARED_SELECTOR = YES;
				GCC_WARN_UNINITIALIZED_AUTOS = YES_AGGRESSIVE;
				GCC_WARN_UNUSED_FUNCTION = YES;
				GCC_WARN_UNUSED_VARIABLE = YES;
				IPHONEOS_DEPLOYMENT_TARGET = 8.3;
				MTL_ENABLE_DEBUG_INFO = NO;
				SDKROOT = iphoneos;
				TARGETED_DEVICE_FAMILY = "1,2";
				VALIDATE_PRODUCT = YES;
			};
			name = Release;
		};
		782575851B13D859006F8DCB /* Debug */ = {
			isa = XCBuildConfiguration;
			buildSettings = {
				ASSETCATALOG_COMPILER_APPICON_NAME = AppIcon;
				INFOPLIST_FILE = Example/Info.plist;
				LD_RUNPATH_SEARCH_PATHS = "$(inherited) @executable_path/Frameworks";
				PRODUCT_NAME = "$(TARGET_NAME)";
			};
			name = Debug;
		};
		782575861B13D859006F8DCB /* Release */ = {
			isa = XCBuildConfiguration;
			buildSettings = {
				ASSETCATALOG_COMPILER_APPICON_NAME = AppIcon;
				INFOPLIST_FILE = Example/Info.plist;
				LD_RUNPATH_SEARCH_PATHS = "$(inherited) @executable_path/Frameworks";
				PRODUCT_NAME = "$(TARGET_NAME)";
			};
			name = Release;
		};
/* End XCBuildConfiguration section */

/* Begin XCConfigurationList section */
		782575601B13D859006F8DCB /* Build configuration list for PBXProject "Example" */ = {
			isa = XCConfigurationList;
			buildConfigurations = (
				782575821B13D859006F8DCB /* Debug */,
				782575831B13D859006F8DCB /* Release */,
			);
			defaultConfigurationIsVisible = 0;
			defaultConfigurationName = Release;
		};
		782575841B13D859006F8DCB /* Build configuration list for PBXNativeTarget "Example" */ = {
			isa = XCConfigurationList;
			buildConfigurations = (
				782575851B13D859006F8DCB /* Debug */,
				782575861B13D859006F8DCB /* Release */,
			);
			defaultConfigurationIsVisible = 0;
			defaultConfigurationName = Release;
		};
/* End XCConfigurationList section */
	};
	rootObject = 7825755D1B13D859006F8DCB /* Project object */;
}
