// !$*UTF8*$!
{
	archiveVersion = 1;
	classes = {
	};
	objectVersion = 46;
	objects = {

/* Begin PBXBuildFile section */
		787B86431B137A2F00023192 /* AppDelegate.swift in Sources */ = {isa = PBXBuildFile; fileRef = 787B86421B137A2F00023192 /* AppDelegate.swift */; };
		787B86451B137A2F00023192 /* ViewController.swift in Sources */ = {isa = PBXBuildFile; fileRef = 787B86441B137A2F00023192 /* ViewController.swift */; };
		787B86481B137A2F00023192 /* Main.storyboard in Resources */ = {isa = PBXBuildFile; fileRef = 787B86461B137A2F00023192 /* Main.storyboard */; };
		787B864A1B137A2F00023192 /* Images.xcassets in Resources */ = {isa = PBXBuildFile; fileRef = 787B86491B137A2F00023192 /* Images.xcassets */; };
		787B864D1B137A2F00023192 /* LaunchScreen.xib in Resources */ = {isa = PBXBuildFile; fileRef = 787B864B1B137A2F00023192 /* LaunchScreen.xib */; };
		787B86591B137A2F00023192 /* TapLabelTests.swift in Sources */ = {isa = PBXBuildFile; fileRef = 787B86581B137A2F00023192 /* TapLabelTests.swift */; };
		787B86631B137A3F00023192 /* TapLabel.swift in Sources */ = {isa = PBXBuildFile; fileRef = 787B86621B137A3F00023192 /* TapLabel.swift */; };
/* End PBXBuildFile section */

/* Begin PBXContainerItemProxy section */
		787B86531B137A2F00023192 /* PBXContainerItemProxy */ = {
			isa = PBXContainerItemProxy;
			containerPortal = 787B86351B137A2F00023192 /* Project object */;
			proxyType = 1;
			remoteGlobalIDString = 787B863C1B137A2F00023192;
			remoteInfo = TapLabel;
		};
/* End PBXContainerItemProxy section */

/* Begin PBXFileReference section */
		787B863D1B137A2F00023192 /* TapLabel.app */ = {isa = PBXFileReference; explicitFileType = wrapper.application; includeInIndex = 0; path = TapLabel.app; sourceTree = BUILT_PRODUCTS_DIR; };
		787B86411B137A2F00023192 /* Info.plist */ = {isa = PBXFileReference; lastKnownFileType = text.plist.xml; path = Info.plist; sourceTree = "<group>"; };
		787B86421B137A2F00023192 /* AppDelegate.swift */ = {isa = PBXFileReference; lastKnownFileType = sourcecode.swift; path = AppDelegate.swift; sourceTree = "<group>"; };
		787B86441B137A2F00023192 /* ViewController.swift */ = {isa = PBXFileReference; lastKnownFileType = sourcecode.swift; path = ViewController.swift; sourceTree = "<group>"; };
		787B86471B137A2F00023192 /* Base */ = {isa = PBXFileReference; lastKnownFileType = file.storyboard; name = Base; path = Base.lproj/Main.storyboard; sourceTree = "<group>"; };
		787B86491B137A2F00023192 /* Images.xcassets */ = {isa = PBXFileReference; lastKnownFileType = folder.assetcatalog; path = Images.xcassets; sourceTree = "<group>"; };
		787B864C1B137A2F00023192 /* Base */ = {isa = PBXFileReference; lastKnownFileType = file.xib; name = Base; path = Base.lproj/LaunchScreen.xib; sourceTree = "<group>"; };
		787B86521B137A2F00023192 /* TapLabelTests.xctest */ = {isa = PBXFileReference; explicitFileType = wrapper.cfbundle; includeInIndex = 0; path = TapLabelTests.xctest; sourceTree = BUILT_PRODUCTS_DIR; };
		787B86571B137A2F00023192 /* Info.plist */ = {isa = PBXFileReference; lastKnownFileType = text.plist.xml; path = Info.plist; sourceTree = "<group>"; };
		787B86581B137A2F00023192 /* TapLabelTests.swift */ = {isa = PBXFileReference; lastKnownFileType = sourcecode.swift; path = TapLabelTests.swift; sourceTree = "<group>"; };
		787B86621B137A3F00023192 /* TapLabel.swift */ = {isa = PBXFileReference; fileEncoding = 4; lastKnownFileType = sourcecode.swift; path = TapLabel.swift; sourceTree = "<group>"; };
/* End PBXFileReference section */

/* Begin PBXFrameworksBuildPhase section */
		787B863A1B137A2F00023192 /* Frameworks */ = {
			isa = PBXFrameworksBuildPhase;
			buildActionMask = 2147483647;
			files = (
			);
			runOnlyForDeploymentPostprocessing = 0;
		};
		787B864F1B137A2F00023192 /* Frameworks */ = {
			isa = PBXFrameworksBuildPhase;
			buildActionMask = 2147483647;
			files = (
			);
			runOnlyForDeploymentPostprocessing = 0;
		};
/* End PBXFrameworksBuildPhase section */

/* Begin PBXGroup section */
		787B86341B137A2F00023192 = {
			isa = PBXGroup;
			children = (
				787B863F1B137A2F00023192 /* TapLabel */,
				787B86551B137A2F00023192 /* TapLabelTests */,
				787B863E1B137A2F00023192 /* Products */,
			);
			sourceTree = "<group>";
		};
		787B863E1B137A2F00023192 /* Products */ = {
			isa = PBXGroup;
			children = (
				787B863D1B137A2F00023192 /* TapLabel.app */,
				787B86521B137A2F00023192 /* TapLabelTests.xctest */,
			);
			name = Products;
			sourceTree = "<group>";
		};
		787B863F1B137A2F00023192 /* TapLabel */ = {
			isa = PBXGroup;
			children = (
				787B86421B137A2F00023192 /* AppDelegate.swift */,
				787B86621B137A3F00023192 /* TapLabel.swift */,
				787B86441B137A2F00023192 /* ViewController.swift */,
				787B86461B137A2F00023192 /* Main.storyboard */,
				787B86491B137A2F00023192 /* Images.xcassets */,
				787B864B1B137A2F00023192 /* LaunchScreen.xib */,
				787B86401B137A2F00023192 /* Supporting Files */,
			);
			path = TapLabel;
			sourceTree = "<group>";
		};
		787B86401B137A2F00023192 /* Supporting Files */ = {
			isa = PBXGroup;
			children = (
				787B86411B137A2F00023192 /* Info.plist */,
			);
			name = "Supporting Files";
			sourceTree = "<group>";
		};
		787B86551B137A2F00023192 /* TapLabelTests */ = {
			isa = PBXGroup;
			children = (
				787B86581B137A2F00023192 /* TapLabelTests.swift */,
				787B86561B137A2F00023192 /* Supporting Files */,
			);
			path = TapLabelTests;
			sourceTree = "<group>";
		};
		787B86561B137A2F00023192 /* Supporting Files */ = {
			isa = PBXGroup;
			children = (
				787B86571B137A2F00023192 /* Info.plist */,
			);
			name = "Supporting Files";
			sourceTree = "<group>";
		};
/* End PBXGroup section */

/* Begin PBXNativeTarget section */
		787B863C1B137A2F00023192 /* TapLabel */ = {
			isa = PBXNativeTarget;
			buildConfigurationList = 787B865C1B137A2F00023192 /* Build configuration list for PBXNativeTarget "TapLabel" */;
			buildPhases = (
				787B86391B137A2F00023192 /* Sources */,
				787B863A1B137A2F00023192 /* Frameworks */,
				787B863B1B137A2F00023192 /* Resources */,
			);
			buildRules = (
			);
			dependencies = (
			);
			name = TapLabel;
			productName = TapLabel;
			productReference = 787B863D1B137A2F00023192 /* TapLabel.app */;
			productType = "com.apple.product-type.application";
		};
		787B86511B137A2F00023192 /* TapLabelTests */ = {
			isa = PBXNativeTarget;
			buildConfigurationList = 787B865F1B137A2F00023192 /* Build configuration list for PBXNativeTarget "TapLabelTests" */;
			buildPhases = (
				787B864E1B137A2F00023192 /* Sources */,
				787B864F1B137A2F00023192 /* Frameworks */,
				787B86501B137A2F00023192 /* Resources */,
			);
			buildRules = (
			);
			dependencies = (
				787B86541B137A2F00023192 /* PBXTargetDependency */,
			);
			name = TapLabelTests;
			productName = TapLabelTests;
			productReference = 787B86521B137A2F00023192 /* TapLabelTests.xctest */;
			productType = "com.apple.product-type.bundle.unit-test";
		};
/* End PBXNativeTarget section */

/* Begin PBXProject section */
		787B86351B137A2F00023192 /* Project object */ = {
			isa = PBXProject;
			attributes = {
				LastUpgradeCheck = 0630;
				ORGANIZATIONNAME = "Daiwei Lu";
				TargetAttributes = {
					787B863C1B137A2F00023192 = {
						CreatedOnToolsVersion = 6.3.1;
					};
					787B86511B137A2F00023192 = {
						CreatedOnToolsVersion = 6.3.1;
						TestTargetID = 787B863C1B137A2F00023192;
					};
				};
			};
			buildConfigurationList = 787B86381B137A2F00023192 /* Build configuration list for PBXProject "TapLabel" */;
			compatibilityVersion = "Xcode 3.2";
			developmentRegion = English;
			hasScannedForEncodings = 0;
			knownRegions = (
				en,
				Base,
			);
			mainGroup = 787B86341B137A2F00023192;
			productRefGroup = 787B863E1B137A2F00023192 /* Products */;
			projectDirPath = "";
			projectRoot = "";
			targets = (
				787B863C1B137A2F00023192 /* TapLabel */,
				787B86511B137A2F00023192 /* TapLabelTests */,
			);
		};
/* End PBXProject section */

/* Begin PBXResourcesBuildPhase section */
		787B863B1B137A2F00023192 /* Resources */ = {
			isa = PBXResourcesBuildPhase;
			buildActionMask = 2147483647;
			files = (
				787B86481B137A2F00023192 /* Main.storyboard in Resources */,
				787B864D1B137A2F00023192 /* LaunchScreen.xib in Resources */,
				787B864A1B137A2F00023192 /* Images.xcassets in Resources */,
			);
			runOnlyForDeploymentPostprocessing = 0;
		};
		787B86501B137A2F00023192 /* Resources */ = {
			isa = PBXResourcesBuildPhase;
			buildActionMask = 2147483647;
			files = (
			);
			runOnlyForDeploymentPostprocessing = 0;
		};
/* End PBXResourcesBuildPhase section */

/* Begin PBXSourcesBuildPhase section */
		787B86391B137A2F00023192 /* Sources */ = {
			isa = PBXSourcesBuildPhase;
			buildActionMask = 2147483647;
			files = (
				787B86451B137A2F00023192 /* ViewController.swift in Sources */,
				787B86431B137A2F00023192 /* AppDelegate.swift in Sources */,
				787B86631B137A3F00023192 /* TapLabel.swift in Sources */,
			);
			runOnlyForDeploymentPostprocessing = 0;
		};
		787B864E1B137A2F00023192 /* Sources */ = {
			isa = PBXSourcesBuildPhase;
			buildActionMask = 2147483647;
			files = (
				787B86591B137A2F00023192 /* TapLabelTests.swift in Sources */,
			);
			runOnlyForDeploymentPostprocessing = 0;
		};
/* End PBXSourcesBuildPhase section */

/* Begin PBXTargetDependency section */
		787B86541B137A2F00023192 /* PBXTargetDependency */ = {
			isa = PBXTargetDependency;
			target = 787B863C1B137A2F00023192 /* TapLabel */;
			targetProxy = 787B86531B137A2F00023192 /* PBXContainerItemProxy */;
		};
/* End PBXTargetDependency section */

/* Begin PBXVariantGroup section */
		787B86461B137A2F00023192 /* Main.storyboard */ = {
			isa = PBXVariantGroup;
			children = (
				787B86471B137A2F00023192 /* Base */,
			);
			name = Main.storyboard;
			sourceTree = "<group>";
		};
		787B864B1B137A2F00023192 /* LaunchScreen.xib */ = {
			isa = PBXVariantGroup;
			children = (
				787B864C1B137A2F00023192 /* Base */,
			);
			name = LaunchScreen.xib;
			sourceTree = "<group>";
		};
/* End PBXVariantGroup section */

/* Begin XCBuildConfiguration section */
		787B865A1B137A2F00023192 /* Debug */ = {
			isa = XCBuildConfiguration;
			buildSettings = {
				ALWAYS_SEARCH_USER_PATHS = NO;
				CLANG_CXX_LANGUAGE_STANDARD = "gnu++0x";
				CLANG_CXX_LIBRARY = "libc++";
				CLANG_ENABLE_MODULES = YES;
				CLANG_ENABLE_OBJC_ARC = YES;
				CLANG_WARN_BOOL_CONVERSION = YES;
				CLANG_WARN_CONSTANT_CONVERSION = YES;
				CLANG_WARN_DIRECT_OBJC_ISA_USAGE = YES_ERROR;
				CLANG_WARN_EMPTY_BODY = YES;
				CLANG_WARN_ENUM_CONVERSION = YES;
				CLANG_WARN_INT_CONVERSION = YES;
				CLANG_WARN_OBJC_ROOT_CLASS = YES_ERROR;
				CLANG_WARN_UNREACHABLE_CODE = YES;
				CLANG_WARN__DUPLICATE_METHOD_MATCH = YES;
				"CODE_SIGN_IDENTITY[sdk=iphoneos*]" = "iPhone Developer";
				COPY_PHASE_STRIP = NO;
				DEBUG_INFORMATION_FORMAT = "dwarf-with-dsym";
				ENABLE_STRICT_OBJC_MSGSEND = YES;
				GCC_C_LANGUAGE_STANDARD = gnu99;
				GCC_DYNAMIC_NO_PIC = NO;
				GCC_NO_COMMON_BLOCKS = YES;
				GCC_OPTIMIZATION_LEVEL = 0;
				GCC_PREPROCESSOR_DEFINITIONS = (
					"DEBUG=1",
					"$(inherited)",
				);
				GCC_SYMBOLS_PRIVATE_EXTERN = NO;
				GCC_WARN_64_TO_32_BIT_CONVERSION = YES;
				GCC_WARN_ABOUT_RETURN_TYPE = YES_ERROR;
				GCC_WARN_UNDECLARED_SELECTOR = YES;
				GCC_WARN_UNINITIALIZED_AUTOS = YES_AGGRESSIVE;
				GCC_WARN_UNUSED_FUNCTION = YES;
				GCC_WARN_UNUSED_VARIABLE = YES;
				IPHONEOS_DEPLOYMENT_TARGET = 8.3;
				MTL_ENABLE_DEBUG_INFO = YES;
				ONLY_ACTIVE_ARCH = YES;
				SDKROOT = iphoneos;
				SWIFT_OPTIMIZATION_LEVEL = "-Onone";
				TARGETED_DEVICE_FAMILY = "1,2";
			};
			name = Debug;
		};
		787B865B1B137A2F00023192 /* Release */ = {
			isa = XCBuildConfiguration;
			buildSettings = {
				ALWAYS_SEARCH_USER_PATHS = NO;
				CLANG_CXX_LANGUAGE_STANDARD = "gnu++0x";
				CLANG_CXX_LIBRARY = "libc++";
				CLANG_ENABLE_MODULES = YES;
				CLANG_ENABLE_OBJC_ARC = YES;
				CLANG_WARN_BOOL_CONVERSION = YES;
				CLANG_WARN_CONSTANT_CONVERSION = YES;
				CLANG_WARN_DIRECT_OBJC_ISA_USAGE = YES_ERROR;
				CLANG_WARN_EMPTY_BODY = YES;
				CLANG_WARN_ENUM_CONVERSION = YES;
				CLANG_WARN_INT_CONVERSION = YES;
				CLANG_WARN_OBJC_ROOT_CLASS = YES_ERROR;
				CLANG_WARN_UNREACHABLE_CODE = YES;
				CLANG_WARN__DUPLICATE_METHOD_MATCH = YES;
				"CODE_SIGN_IDENTITY[sdk=iphoneos*]" = "iPhone Developer";
				COPY_PHASE_STRIP = NO;
				DEBUG_INFORMATION_FORMAT = "dwarf-with-dsym";
				ENABLE_NS_ASSERTIONS = NO;
				ENABLE_STRICT_OBJC_MSGSEND = YES;
				GCC_C_LANGUAGE_STANDARD = gnu99;
				GCC_NO_COMMON_BLOCKS = YES;
				GCC_WARN_64_TO_32_BIT_CONVERSION = YES;
				GCC_WARN_ABOUT_RETURN_TYPE = YES_ERROR;
				GCC_WARN_UNDECLARED_SELECTOR = YES;
				GCC_WARN_UNINITIALIZED_AUTOS = YES_AGGRESSIVE;
				GCC_WARN_UNUSED_FUNCTION = YES;
				GCC_WARN_UNUSED_VARIABLE = YES;
				IPHONEOS_DEPLOYMENT_TARGET = 8.3;
				MTL_ENABLE_DEBUG_INFO = NO;
				SDKROOT = iphoneos;
				TARGETED_DEVICE_FAMILY = "1,2";
				VALIDATE_PRODUCT = YES;
			};
			name = Release;
		};
		787B865D1B137A2F00023192 /* Debug */ = {
			isa = XCBuildConfiguration;
			buildSettings = {
				ASSETCATALOG_COMPILER_APPICON_NAME = AppIcon;
				INFOPLIST_FILE = TapLabel/Info.plist;
				LD_RUNPATH_SEARCH_PATHS = "$(inherited) @executable_path/Frameworks";
				PRODUCT_NAME = "$(TARGET_NAME)";
			};
			name = Debug;
		};
		787B865E1B137A2F00023192 /* Release */ = {
			isa = XCBuildConfiguration;
			buildSettings = {
				ASSETCATALOG_COMPILER_APPICON_NAME = AppIcon;
				INFOPLIST_FILE = TapLabel/Info.plist;
				LD_RUNPATH_SEARCH_PATHS = "$(inherited) @executable_path/Frameworks";
				PRODUCT_NAME = "$(TARGET_NAME)";
			};
			name = Release;
		};
		787B86601B137A2F00023192 /* Debug */ = {
			isa = XCBuildConfiguration;
			buildSettings = {
				BUNDLE_LOADER = "$(TEST_HOST)";
				FRAMEWORK_SEARCH_PATHS = (
					"$(SDKROOT)/Developer/Library/Frameworks",
					"$(inherited)",
				);
				GCC_PREPROCESSOR_DEFINITIONS = (
					"DEBUG=1",
					"$(inherited)",
				);
				INFOPLIST_FILE = TapLabelTests/Info.plist;
				LD_RUNPATH_SEARCH_PATHS = "$(inherited) @executable_path/Frameworks @loader_path/Frameworks";
				PRODUCT_NAME = "$(TARGET_NAME)";
				TEST_HOST = "$(BUILT_PRODUCTS_DIR)/TapLabel.app/TapLabel";
			};
			name = Debug;
		};
		787B86611B137A2F00023192 /* Release */ = {
			isa = XCBuildConfiguration;
			buildSettings = {
				BUNDLE_LOADER = "$(TEST_HOST)";
				FRAMEWORK_SEARCH_PATHS = (
					"$(SDKROOT)/Developer/Library/Frameworks",
					"$(inherited)",
				);
				INFOPLIST_FILE = TapLabelTests/Info.plist;
				LD_RUNPATH_SEARCH_PATHS = "$(inherited) @executable_path/Frameworks @loader_path/Frameworks";
				PRODUCT_NAME = "$(TARGET_NAME)";
				TEST_HOST = "$(BUILT_PRODUCTS_DIR)/TapLabel.app/TapLabel";
			};
			name = Release;
		};
/* End XCBuildConfiguration section */

/* Begin XCConfigurationList section */
		787B86381B137A2F00023192 /* Build configuration list for PBXProject "TapLabel" */ = {
			isa = XCConfigurationList;
			buildConfigurations = (
				787B865A1B137A2F00023192 /* Debug */,
				787B865B1B137A2F00023192 /* Release */,
			);
			defaultConfigurationIsVisible = 0;
			defaultConfigurationName = Release;
		};
		787B865C1B137A2F00023192 /* Build configuration list for PBXNativeTarget "TapLabel" */ = {
			isa = XCConfigurationList;
			buildConfigurations = (
				787B865D1B137A2F00023192 /* Debug */,
				787B865E1B137A2F00023192 /* Release */,
			);
			defaultConfigurationIsVisible = 0;
		};
		787B865F1B137A2F00023192 /* Build configuration list for PBXNativeTarget "TapLabelTests" */ = {
			isa = XCConfigurationList;
			buildConfigurations = (
				787B86601B137A2F00023192 /* Debug */,
				787B86611B137A2F00023192 /* Release */,
			);
			defaultConfigurationIsVisible = 0;
		};
/* End XCConfigurationList section */
	};
	rootObject = 787B86351B137A2F00023192 /* Project object */;
}
